// !$*UTF8*$!
{
	archiveVersion = 1;
	classes = {
	};
	objectVersion = 55;
	objects = {

/* Begin PBXBuildFile section */
		7FE4323A3527C9D436FCF6D4 /* Pods_Glider.framework in Frameworks */ = {isa = PBXBuildFile; fileRef = BCCC9AD23838761BD4489E31 /* Pods_Glider.framework */; };
		8A12A36028A68CCA004E0992 /* InfoView.swift in Sources */ = {isa = PBXBuildFile; fileRef = 8A12A35F28A68CCA004E0992 /* InfoView.swift */; };
		8A12A36228A6A20C004E0992 /* TestView.swift in Sources */ = {isa = PBXBuildFile; fileRef = 8A12A36128A6A20C004E0992 /* TestView.swift */; };
		8A930C3928A2A2740076A63C /* GliderApp.swift in Sources */ = {isa = PBXBuildFile; fileRef = 8A930C3828A2A2740076A63C /* GliderApp.swift */; };
		8A930C3B28A2A2740076A63C /* ContentView.swift in Sources */ = {isa = PBXBuildFile; fileRef = 8A930C3A28A2A2740076A63C /* ContentView.swift */; };
		8A930C3D28A2A2750076A63C /* Assets.xcassets in Resources */ = {isa = PBXBuildFile; fileRef = 8A930C3C28A2A2750076A63C /* Assets.xcassets */; };
		8A930C4028A2A2750076A63C /* Preview Assets.xcassets in Resources */ = {isa = PBXBuildFile; fileRef = 8A930C3F28A2A2750076A63C /* Preview Assets.xcassets */; };
		8A930C4728A2A2C10076A63C /* Record.swift in Sources */ = {isa = PBXBuildFile; fileRef = 8A930C4628A2A2C10076A63C /* Record.swift */; };
		8A930C4928A2A2D90076A63C /* RecordCreator.swift in Sources */ = {isa = PBXBuildFile; fileRef = 8A930C4828A2A2D90076A63C /* RecordCreator.swift */; };
		8A930C4B28A2A2EA0076A63C /* RecordData.swift in Sources */ = {isa = PBXBuildFile; fileRef = 8A930C4A28A2A2EA0076A63C /* RecordData.swift */; };
		8A930C4D28A2A3030076A63C /* RecordList.swift in Sources */ = {isa = PBXBuildFile; fileRef = 8A930C4C28A2A3030076A63C /* RecordList.swift */; };
		8A930C4F28A2A3190076A63C /* RecordRow.swift in Sources */ = {isa = PBXBuildFile; fileRef = 8A930C4E28A2A3190076A63C /* RecordRow.swift */; };
		8AE19ED429F3EC35007050CD /* SwiftDate in Frameworks */ = {isa = PBXBuildFile; productRef = 8AE19ED329F3EC35007050CD /* SwiftDate */; };
		8AE4606628AFB87800DBBAB2 /* RangePicker.swift in Sources */ = {isa = PBXBuildFile; fileRef = 8AE4606528AFB87800DBBAB2 /* RangePicker.swift */; };
		8AE4606828AFCC3B00DBBAB2 /* SearchBar.swift in Sources */ = {isa = PBXBuildFile; fileRef = 8AE4606728AFCC3B00DBBAB2 /* SearchBar.swift */; };
/* End PBXBuildFile section */

/* Begin PBXFileReference section */
		08D38E83CF9AD0F632855E26 /* Pods-Glider.release.xcconfig */ = {isa = PBXFileReference; includeInIndex = 1; lastKnownFileType = text.xcconfig; name = "Pods-Glider.release.xcconfig"; path = "Target Support Files/Pods-Glider/Pods-Glider.release.xcconfig"; sourceTree = "<group>"; };
		54529FD768E1C0A534E468DA /* Pods-Glider.debug.xcconfig */ = {isa = PBXFileReference; includeInIndex = 1; lastKnownFileType = text.xcconfig; name = "Pods-Glider.debug.xcconfig"; path = "Target Support Files/Pods-Glider/Pods-Glider.debug.xcconfig"; sourceTree = "<group>"; };
		8A12A35F28A68CCA004E0992 /* InfoView.swift */ = {isa = PBXFileReference; lastKnownFileType = sourcecode.swift; path = InfoView.swift; sourceTree = "<group>"; };
		8A12A36128A6A20C004E0992 /* TestView.swift */ = {isa = PBXFileReference; lastKnownFileType = sourcecode.swift; path = TestView.swift; sourceTree = "<group>"; };
		8A930C3528A2A2740076A63C /* Glider.app */ = {isa = PBXFileReference; explicitFileType = wrapper.application; includeInIndex = 0; path = Glider.app; sourceTree = BUILT_PRODUCTS_DIR; };
		8A930C3828A2A2740076A63C /* GliderApp.swift */ = {isa = PBXFileReference; lastKnownFileType = sourcecode.swift; path = GliderApp.swift; sourceTree = "<group>"; };
		8A930C3A28A2A2740076A63C /* ContentView.swift */ = {isa = PBXFileReference; lastKnownFileType = sourcecode.swift; path = ContentView.swift; sourceTree = "<group>"; };
		8A930C3C28A2A2750076A63C /* Assets.xcassets */ = {isa = PBXFileReference; lastKnownFileType = folder.assetcatalog; path = Assets.xcassets; sourceTree = "<group>"; };
		8A930C3F28A2A2750076A63C /* Preview Assets.xcassets */ = {isa = PBXFileReference; lastKnownFileType = folder.assetcatalog; path = "Preview Assets.xcassets"; sourceTree = "<group>"; };
		8A930C4628A2A2C10076A63C /* Record.swift */ = {isa = PBXFileReference; lastKnownFileType = sourcecode.swift; path = Record.swift; sourceTree = "<group>"; };
		8A930C4828A2A2D90076A63C /* RecordCreator.swift */ = {isa = PBXFileReference; lastKnownFileType = sourcecode.swift; path = RecordCreator.swift; sourceTree = "<group>"; };
		8A930C4A28A2A2EA0076A63C /* RecordData.swift */ = {isa = PBXFileReference; lastKnownFileType = sourcecode.swift; path = RecordData.swift; sourceTree = "<group>"; };
		8A930C4C28A2A3030076A63C /* RecordList.swift */ = {isa = PBXFileReference; lastKnownFileType = sourcecode.swift; path = RecordList.swift; sourceTree = "<group>"; };
		8A930C4E28A2A3190076A63C /* RecordRow.swift */ = {isa = PBXFileReference; lastKnownFileType = sourcecode.swift; path = RecordRow.swift; sourceTree = "<group>"; };
		8AE4606528AFB87800DBBAB2 /* RangePicker.swift */ = {isa = PBXFileReference; lastKnownFileType = sourcecode.swift; path = RangePicker.swift; sourceTree = "<group>"; };
		8AE4606728AFCC3B00DBBAB2 /* SearchBar.swift */ = {isa = PBXFileReference; lastKnownFileType = sourcecode.swift; path = SearchBar.swift; sourceTree = "<group>"; };
		BCCC9AD23838761BD4489E31 /* Pods_Glider.framework */ = {isa = PBXFileReference; explicitFileType = wrapper.framework; includeInIndex = 0; path = Pods_Glider.framework; sourceTree = BUILT_PRODUCTS_DIR; };
/* End PBXFileReference section */

/* Begin PBXFrameworksBuildPhase section */
		8A930C3228A2A2740076A63C /* Frameworks */ = {
			isa = PBXFrameworksBuildPhase;
			buildActionMask = 2147483647;
			files = (
				8AE19ED429F3EC35007050CD /* SwiftDate in Frameworks */,
				7FE4323A3527C9D436FCF6D4 /* Pods_Glider.framework in Frameworks */,
			);
			runOnlyForDeploymentPostprocessing = 0;
		};
/* End PBXFrameworksBuildPhase section */

/* Begin PBXGroup section */
		207F24553FB7A7DDF418C96E /* Pods */ = {
			isa = PBXGroup;
			children = (
				54529FD768E1C0A534E468DA /* Pods-Glider.debug.xcconfig */,
				08D38E83CF9AD0F632855E26 /* Pods-Glider.release.xcconfig */,
			);
			path = Pods;
			sourceTree = "<group>";
		};
		8A930C2C28A2A2740076A63C = {
			isa = PBXGroup;
			children = (
				8A930C3728A2A2740076A63C /* Glider */,
				8A930C3628A2A2740076A63C /* Products */,
				207F24553FB7A7DDF418C96E /* Pods */,
				AD569E9BCDE58F325254CE82 /* Frameworks */,
			);
			sourceTree = "<group>";
		};
		8A930C3628A2A2740076A63C /* Products */ = {
			isa = PBXGroup;
			children = (
				8A930C3528A2A2740076A63C /* Glider.app */,
			);
			name = Products;
			sourceTree = "<group>";
		};
		8A930C3728A2A2740076A63C /* Glider */ = {
			isa = PBXGroup;
			children = (
				8A930C3828A2A2740076A63C /* GliderApp.swift */,
				8A930C3A28A2A2740076A63C /* ContentView.swift */,
				8AE4606728AFCC3B00DBBAB2 /* SearchBar.swift */,
				8A12A35F28A68CCA004E0992 /* InfoView.swift */,
				8A930C4828A2A2D90076A63C /* RecordCreator.swift */,
				8A930C4C28A2A3030076A63C /* RecordList.swift */,
				8A930C4E28A2A3190076A63C /* RecordRow.swift */,
				8A930C4628A2A2C10076A63C /* Record.swift */,
				8A930C4A28A2A2EA0076A63C /* RecordData.swift */,
				8AE4606528AFB87800DBBAB2 /* RangePicker.swift */,
				8A930C3C28A2A2750076A63C /* Assets.xcassets */,
				8A930C3E28A2A2750076A63C /* Preview Content */,
				8A12A36128A6A20C004E0992 /* TestView.swift */,
			);
			path = Glider;
			sourceTree = "<group>";
		};
		8A930C3E28A2A2750076A63C /* Preview Content */ = {
			isa = PBXGroup;
			children = (
				8A930C3F28A2A2750076A63C /* Preview Assets.xcassets */,
			);
			path = "Preview Content";
			sourceTree = "<group>";
		};
		AD569E9BCDE58F325254CE82 /* Frameworks */ = {
			isa = PBXGroup;
			children = (
				BCCC9AD23838761BD4489E31 /* Pods_Glider.framework */,
			);
			name = Frameworks;
			sourceTree = "<group>";
		};
/* End PBXGroup section */

/* Begin PBXNativeTarget section */
		8A930C3428A2A2740076A63C /* Glider */ = {
			isa = PBXNativeTarget;
			buildConfigurationList = 8A930C4328A2A2750076A63C /* Build configuration list for PBXNativeTarget "Glider" */;
			buildPhases = (
				DC887A7B2AC1D649A640119C /* [CP] Check Pods Manifest.lock */,
				8A930C3128A2A2740076A63C /* Sources */,
				8A930C3228A2A2740076A63C /* Frameworks */,
				8A930C3328A2A2740076A63C /* Resources */,
				F109534EC3A48FDE4C7736CF /* [CP] Embed Pods Frameworks */,
			);
			buildRules = (
			);
			dependencies = (
			);
			name = Glider;
			packageProductDependencies = (
				8AE19ED329F3EC35007050CD /* SwiftDate */,
			);
			productName = Glider;
			productReference = 8A930C3528A2A2740076A63C /* Glider.app */;
			productType = "com.apple.product-type.application";
		};
/* End PBXNativeTarget section */

/* Begin PBXProject section */
		8A930C2D28A2A2740076A63C /* Project object */ = {
			isa = PBXProject;
			attributes = {
				BuildIndependentTargetsInParallel = 1;
				LastSwiftUpdateCheck = 1340;
				LastUpgradeCheck = 1340;
				TargetAttributes = {
					8A930C3428A2A2740076A63C = {
						CreatedOnToolsVersion = 13.4.1;
					};
				};
			};
			buildConfigurationList = 8A930C3028A2A2740076A63C /* Build configuration list for PBXProject "Glider" */;
			compatibilityVersion = "Xcode 13.0";
			developmentRegion = en;
			hasScannedForEncodings = 0;
			knownRegions = (
				en,
				Base,
			);
			mainGroup = 8A930C2C28A2A2740076A63C;
			packageReferences = (
				8AE19ED229F3EC35007050CD /* XCRemoteSwiftPackageReference "SwiftDate" */,
			);
			productRefGroup = 8A930C3628A2A2740076A63C /* Products */;
			projectDirPath = "";
			projectRoot = "";
			targets = (
				8A930C3428A2A2740076A63C /* Glider */,
			);
		};
/* End PBXProject section */

/* Begin PBXResourcesBuildPhase section */
		8A930C3328A2A2740076A63C /* Resources */ = {
			isa = PBXResourcesBuildPhase;
			buildActionMask = 2147483647;
			files = (
				8A930C4028A2A2750076A63C /* Preview Assets.xcassets in Resources */,
				8A930C3D28A2A2750076A63C /* Assets.xcassets in Resources */,
			);
			runOnlyForDeploymentPostprocessing = 0;
		};
/* End PBXResourcesBuildPhase section */

/* Begin PBXShellScriptBuildPhase section */
		DC887A7B2AC1D649A640119C /* [CP] Check Pods Manifest.lock */ = {
			isa = PBXShellScriptBuildPhase;
			buildActionMask = 2147483647;
			files = (
			);
			inputFileListPaths = (
			);
			inputPaths = (
				"${PODS_PODFILE_DIR_PATH}/Podfile.lock",
				"${PODS_ROOT}/Manifest.lock",
			);
			name = "[CP] Check Pods Manifest.lock";
			outputFileListPaths = (
			);
			outputPaths = (
				"$(DERIVED_FILE_DIR)/Pods-Glider-checkManifestLockResult.txt",
			);
			runOnlyForDeploymentPostprocessing = 0;
			shellPath = /bin/sh;
			shellScript = "diff \"${PODS_PODFILE_DIR_PATH}/Podfile.lock\" \"${PODS_ROOT}/Manifest.lock\" > /dev/null\nif [ $? != 0 ] ; then\n    # print error to STDERR\n    echo \"error: The sandbox is not in sync with the Podfile.lock. Run 'pod install' or update your CocoaPods installation.\" >&2\n    exit 1\nfi\n# This output is used by Xcode 'outputs' to avoid re-running this script phase.\necho \"SUCCESS\" > \"${SCRIPT_OUTPUT_FILE_0}\"\n";
			showEnvVarsInLog = 0;
		};
		F109534EC3A48FDE4C7736CF /* [CP] Embed Pods Frameworks */ = {
			isa = PBXShellScriptBuildPhase;
			buildActionMask = 2147483647;
			files = (
			);
			inputFileListPaths = (
				"${PODS_ROOT}/Target Support Files/Pods-Glider/Pods-Glider-frameworks-${CONFIGURATION}-input-files.xcfilelist",
			);
			name = "[CP] Embed Pods Frameworks";
			outputFileListPaths = (
				"${PODS_ROOT}/Target Support Files/Pods-Glider/Pods-Glider-frameworks-${CONFIGURATION}-output-files.xcfilelist",
			);
			runOnlyForDeploymentPostprocessing = 0;
			shellPath = /bin/sh;
			shellScript = "\"${PODS_ROOT}/Target Support Files/Pods-Glider/Pods-Glider-frameworks.sh\"\n";
			showEnvVarsInLog = 0;
		};
/* End PBXShellScriptBuildPhase section */

/* Begin PBXSourcesBuildPhase section */
		8A930C3128A2A2740076A63C /* Sources */ = {
			isa = PBXSourcesBuildPhase;
			buildActionMask = 2147483647;
			files = (
				8A12A36028A68CCA004E0992 /* InfoView.swift in Sources */,
				8A930C4F28A2A3190076A63C /* RecordRow.swift in Sources */,
				8A930C3B28A2A2740076A63C /* ContentView.swift in Sources */,
				8A930C4B28A2A2EA0076A63C /* RecordData.swift in Sources */,
				8A930C4D28A2A3030076A63C /* RecordList.swift in Sources */,
				8A930C4928A2A2D90076A63C /* RecordCreator.swift in Sources */,
				8A12A36228A6A20C004E0992 /* TestView.swift in Sources */,
				8A930C3928A2A2740076A63C /* GliderApp.swift in Sources */,
				8A930C4728A2A2C10076A63C /* Record.swift in Sources */,
				8AE4606828AFCC3B00DBBAB2 /* SearchBar.swift in Sources */,
				8AE4606628AFB87800DBBAB2 /* RangePicker.swift in Sources */,
			);
			runOnlyForDeploymentPostprocessing = 0;
		};
/* End PBXSourcesBuildPhase section */

/* Begin XCBuildConfiguration section */
		8A930C4128A2A2750076A63C /* Debug */ = {
			isa = XCBuildConfiguration;
			buildSettings = {
				ALWAYS_SEARCH_USER_PATHS = NO;
				CLANG_ANALYZER_NONNULL = YES;
				CLANG_ANALYZER_NUMBER_OBJECT_CONVERSION = YES_AGGRESSIVE;
				CLANG_CXX_LANGUAGE_STANDARD = "gnu++17";
				CLANG_ENABLE_MODULES = YES;
				CLANG_ENABLE_OBJC_ARC = YES;
				CLANG_ENABLE_OBJC_WEAK = YES;
				CLANG_WARN_BLOCK_CAPTURE_AUTORELEASING = YES;
				CLANG_WARN_BOOL_CONVERSION = YES;
				CLANG_WARN_COMMA = YES;
				CLANG_WARN_CONSTANT_CONVERSION = YES;
				CLANG_WARN_DEPRECATED_OBJC_IMPLEMENTATIONS = YES;
				CLANG_WARN_DIRECT_OBJC_ISA_USAGE = YES_ERROR;
				CLANG_WARN_DOCUMENTATION_COMMENTS = YES;
				CLANG_WARN_EMPTY_BODY = YES;
				CLANG_WARN_ENUM_CONVERSION = YES;
				CLANG_WARN_INFINITE_RECURSION = YES;
				CLANG_WARN_INT_CONVERSION = YES;
				CLANG_WARN_NON_LITERAL_NULL_CONVERSION = YES;
				CLANG_WARN_OBJC_IMPLICIT_RETAIN_SELF = YES;
				CLANG_WARN_OBJC_LITERAL_CONVERSION = YES;
				CLANG_WARN_OBJC_ROOT_CLASS = YES_ERROR;
				CLANG_WARN_QUOTED_INCLUDE_IN_FRAMEWORK_HEADER = YES;
				CLANG_WARN_RANGE_LOOP_ANALYSIS = YES;
				CLANG_WARN_STRICT_PROTOTYPES = YES;
				CLANG_WARN_SUSPICIOUS_MOVE = YES;
				CLANG_WARN_UNGUARDED_AVAILABILITY = YES_AGGRESSIVE;
				CLANG_WARN_UNREACHABLE_CODE = YES;
				CLANG_WARN__DUPLICATE_METHOD_MATCH = YES;
				COPY_PHASE_STRIP = NO;
				DEBUG_INFORMATION_FORMAT = dwarf;
				ENABLE_STRICT_OBJC_MSGSEND = YES;
				ENABLE_TESTABILITY = YES;
				GCC_C_LANGUAGE_STANDARD = gnu11;
				GCC_DYNAMIC_NO_PIC = NO;
				GCC_NO_COMMON_BLOCKS = YES;
				GCC_OPTIMIZATION_LEVEL = 0;
				GCC_PREPROCESSOR_DEFINITIONS = (
					"DEBUG=1",
					"$(inherited)",
				);
				GCC_WARN_64_TO_32_BIT_CONVERSION = YES;
				GCC_WARN_ABOUT_RETURN_TYPE = YES_ERROR;
				GCC_WARN_UNDECLARED_SELECTOR = YES;
				GCC_WARN_UNINITIALIZED_AUTOS = YES_AGGRESSIVE;
				GCC_WARN_UNUSED_FUNCTION = YES;
				GCC_WARN_UNUSED_VARIABLE = YES;
				IPHONEOS_DEPLOYMENT_TARGET = 15.5;
				MTL_ENABLE_DEBUG_INFO = INCLUDE_SOURCE;
				MTL_FAST_MATH = YES;
				ONLY_ACTIVE_ARCH = YES;
				SDKROOT = iphoneos;
				SWIFT_ACTIVE_COMPILATION_CONDITIONS = DEBUG;
				SWIFT_OPTIMIZATION_LEVEL = "-Onone";
			};
			name = Debug;
		};
		8A930C4228A2A2750076A63C /* Release */ = {
			isa = XCBuildConfiguration;
			buildSettings = {
				ALWAYS_SEARCH_USER_PATHS = NO;
				CLANG_ANALYZER_NONNULL = YES;
				CLANG_ANALYZER_NUMBER_OBJECT_CONVERSION = YES_AGGRESSIVE;
				CLANG_CXX_LANGUAGE_STANDARD = "gnu++17";
				CLANG_ENABLE_MODULES = YES;
				CLANG_ENABLE_OBJC_ARC = YES;
				CLANG_ENABLE_OBJC_WEAK = YES;
				CLANG_WARN_BLOCK_CAPTURE_AUTORELEASING = YES;
				CLANG_WARN_BOOL_CONVERSION = YES;
				CLANG_WARN_COMMA = YES;
				CLANG_WARN_CONSTANT_CONVERSION = YES;
				CLANG_WARN_DEPRECATED_OBJC_IMPLEMENTATIONS = YES;
				CLANG_WARN_DIRECT_OBJC_ISA_USAGE = YES_ERROR;
				CLANG_WARN_DOCUMENTATION_COMMENTS = YES;
				CLANG_WARN_EMPTY_BODY = YES;
				CLANG_WARN_ENUM_CONVERSION = YES;
				CLANG_WARN_INFINITE_RECURSION = YES;
				CLANG_WARN_INT_CONVERSION = YES;
				CLANG_WARN_NON_LITERAL_NULL_CONVERSION = YES;
				CLANG_WARN_OBJC_IMPLICIT_RETAIN_SELF = YES;
				CLANG_WARN_OBJC_LITERAL_CONVERSION = YES;
				CLANG_WARN_OBJC_ROOT_CLASS = YES_ERROR;
				CLANG_WARN_QUOTED_INCLUDE_IN_FRAMEWORK_HEADER = YES;
				CLANG_WARN_RANGE_LOOP_ANALYSIS = YES;
				CLANG_WARN_STRICT_PROTOTYPES = YES;
				CLANG_WARN_SUSPICIOUS_MOVE = YES;
				CLANG_WARN_UNGUARDED_AVAILABILITY = YES_AGGRESSIVE;
				CLANG_WARN_UNREACHABLE_CODE = YES;
				CLANG_WARN__DUPLICATE_METHOD_MATCH = YES;
				COPY_PHASE_STRIP = NO;
				DEBUG_INFORMATION_FORMAT = "dwarf-with-dsym";
				ENABLE_NS_ASSERTIONS = NO;
				ENABLE_STRICT_OBJC_MSGSEND = YES;
				GCC_C_LANGUAGE_STANDARD = gnu11;
				GCC_NO_COMMON_BLOCKS = YES;
				GCC_WARN_64_TO_32_BIT_CONVERSION = YES;
				GCC_WARN_ABOUT_RETURN_TYPE = YES_ERROR;
				GCC_WARN_UNDECLARED_SELECTOR = YES;
				GCC_WARN_UNINITIALIZED_AUTOS = YES_AGGRESSIVE;
				GCC_WARN_UNUSED_FUNCTION = YES;
				GCC_WARN_UNUSED_VARIABLE = YES;
				IPHONEOS_DEPLOYMENT_TARGET = 15.5;
				MTL_ENABLE_DEBUG_INFO = NO;
				MTL_FAST_MATH = YES;
				SDKROOT = iphoneos;
				SWIFT_COMPILATION_MODE = wholemodule;
				SWIFT_OPTIMIZATION_LEVEL = "-O";
				VALIDATE_PRODUCT = YES;
			};
			name = Release;
		};
		8A930C4428A2A2750076A63C /* Debug */ = {
			isa = XCBuildConfiguration;
			baseConfigurationReference = 54529FD768E1C0A534E468DA /* Pods-Glider.debug.xcconfig */;
			buildSettings = {
				ASSETCATALOG_COMPILER_APPICON_NAME = AppIcon;
				ASSETCATALOG_COMPILER_GLOBAL_ACCENT_COLOR_NAME = AccentColor;
				ASSETCATALOG_COMPILER_INCLUDE_ALL_APPICON_ASSETS = YES;
				CODE_SIGN_STYLE = Automatic;
				CURRENT_PROJECT_VERSION = 1;
				DEVELOPMENT_ASSET_PATHS = "\"Glider/Preview Content\"";
				DEVELOPMENT_TEAM = JYLEW42X92;
				ENABLE_PREVIEWS = YES;
				GENERATE_INFOPLIST_FILE = YES;
				INFOPLIST_KEY_CFBundleDisplayName = Glider;
				INFOPLIST_KEY_LSApplicationCategoryType = "public.app-category.productivity";
				INFOPLIST_KEY_UIApplicationSceneManifest_Generation = YES;
				INFOPLIST_KEY_UIApplicationSupportsIndirectInputEvents = YES;
				INFOPLIST_KEY_UILaunchScreen_Generation = YES;
				INFOPLIST_KEY_UISupportedInterfaceOrientations = UIInterfaceOrientationPortrait;
				LD_RUNPATH_SEARCH_PATHS = (
					"$(inherited)",
					"@executable_path/Frameworks",
				);
				MARKETING_VERSION = 1.0;
				PRODUCT_BUNDLE_IDENTIFIER = com.christophercao.Glider;
				PRODUCT_NAME = "$(TARGET_NAME)";
				SUPPORTED_PLATFORMS = "iphoneos iphonesimulator";
				SUPPORTS_MACCATALYST = NO;
				SUPPORTS_MAC_DESIGNED_FOR_IPHONE_IPAD = NO;
				SWIFT_EMIT_LOC_STRINGS = YES;
				SWIFT_VERSION = 5.0;
				TARGETED_DEVICE_FAMILY = 1;
			};
			name = Debug;
		};
		8A930C4528A2A2750076A63C /* Release */ = {
			isa = XCBuildConfiguration;
			baseConfigurationReference = 08D38E83CF9AD0F632855E26 /* Pods-Glider.release.xcconfig */;
			buildSettings = {
				ASSETCATALOG_COMPILER_APPICON_NAME = AppIcon;
				ASSETCATALOG_COMPILER_GLOBAL_ACCENT_COLOR_NAME = AccentColor;
				ASSETCATALOG_COMPILER_INCLUDE_ALL_APPICON_ASSETS = YES;
				CODE_SIGN_STYLE = Automatic;
				CURRENT_PROJECT_VERSION = 1;
				DEVELOPMENT_ASSET_PATHS = "\"Glider/Preview Content\"";
				DEVELOPMENT_TEAM = JYLEW42X92;
				ENABLE_PREVIEWS = YES;
				GENERATE_INFOPLIST_FILE = YES;
				INFOPLIST_KEY_CFBundleDisplayName = Glider;
				INFOPLIST_KEY_LSApplicationCategoryType = "public.app-category.productivity";
				INFOPLIST_KEY_UIApplicationSceneManifest_Generation = YES;
				INFOPLIST_KEY_UIApplicationSupportsIndirectInputEvents = YES;
				INFOPLIST_KEY_UILaunchScreen_Generation = YES;
				INFOPLIST_KEY_UISupportedInterfaceOrientations = UIInterfaceOrientationPortrait;
				LD_RUNPATH_SEARCH_PATHS = (
					"$(inherited)",
					"@executable_path/Frameworks",
				);
				MARKETING_VERSION = 1.0;
				PRODUCT_BUNDLE_IDENTIFIER = com.christophercao.Glider;
				PRODUCT_NAME = "$(TARGET_NAME)";
				SUPPORTED_PLATFORMS = "iphoneos iphonesimulator";
				SUPPORTS_MACCATALYST = NO;
				SUPPORTS_MAC_DESIGNED_FOR_IPHONE_IPAD = NO;
				SWIFT_EMIT_LOC_STRINGS = YES;
				SWIFT_VERSION = 5.0;
				TARGETED_DEVICE_FAMILY = 1;
			};
			name = Release;
		};
/* End XCBuildConfiguration section */

/* Begin XCConfigurationList section */
		8A930C3028A2A2740076A63C /* Build configuration list for PBXProject "Glider" */ = {
			isa = XCConfigurationList;
			buildConfigurations = (
				8A930C4128A2A2750076A63C /* Debug */,
				8A930C4228A2A2750076A63C /* Release */,
			);
			defaultConfigurationIsVisible = 0;
			defaultConfigurationName = Release;
		};
		8A930C4328A2A2750076A63C /* Build configuration list for PBXNativeTarget "Glider" */ = {
			isa = XCConfigurationList;
			buildConfigurations = (
				8A930C4428A2A2750076A63C /* Debug */,
				8A930C4528A2A2750076A63C /* Release */,
			);
			defaultConfigurationIsVisible = 0;
			defaultConfigurationName = Release;
		};
/* End XCConfigurationList section */

/* Begin XCRemoteSwiftPackageReference section */
		8AE19ED229F3EC35007050CD /* XCRemoteSwiftPackageReference "SwiftDate" */ = {
			isa = XCRemoteSwiftPackageReference;
			repositoryURL = "https://github.com/malcommac/SwiftDate";
			requirement = {
				kind = upToNextMajorVersion;
				minimumVersion = 7.0.0;
			};
		};
/* End XCRemoteSwiftPackageReference section */

/* Begin XCSwiftPackageProductDependency section */
		8AE19ED329F3EC35007050CD /* SwiftDate */ = {
			isa = XCSwiftPackageProductDependency;
			package = 8AE19ED229F3EC35007050CD /* XCRemoteSwiftPackageReference "SwiftDate" */;
			productName = SwiftDate;
		};
/* End XCSwiftPackageProductDependency section */
	};
	rootObject = 8A930C2D28A2A2740076A63C /* Project object */;
}
